{
    "name": "SDF TypeScript Project",
    "version": "1.0.0",
    "lockfileVersion": 3,
    "requires": true,
    "packages": {
        "": {
            "name": "SDF TypeScript Project",
            "version": "1.0.0",
            "devDependencies": {
                "@hitc/netsuite-types": "^2023.1.9",
                "typescript": "^5.0.4"
            }
        },
        "node_modules/@hitc/netsuite-types": {
            "version": "2023.1.9",
            "resolved": "https://registry.npmjs.org/@hitc/netsuite-types/-/netsuite-types-2023.1.9.tgz",
            "integrity": "sha512-unXW7kE6nuIaQzNRt6EUaiXCVs/zIYtpVTzd+7wM9dNyS3ottfjf+VRvQrPdWa7ZArhawRKwG7fYM2HJhGoFCQ==",
            "dev": true
        },
        "node_modules/typescript": {
            "version": "5.0.4",
            "resolved": "https://registry.npmjs.org/typescript/-/typescript-5.0.4.tgz",
            "integrity": "sha512-cW9T5W9xY37cc+jfEnaUvX91foxtHkza3Nw3wkoF4sSlKn0MONdkdEndig/qPBWXNkmplh3NzayQzCiHM4/hqw==",
            "dev": true,
            "bin": {
                "tsc": "bin/tsc",
                "tsserver": "bin/tsserver"
            },
            "engines": {
                "node": ">=12.20"
            }
        }
    }
}
